
Microsoft Visual Studio Solution File, Format Version 12.00
# Visual Studio Version 16
VisualStudioVersion = 16.0.31424.327
MinimumVisualStudioVersion = 10.0.40219.1
Project("{FAE04EC0-301F-11D3-BF4B-00C04F79EFBC}") = "SeleniumCShartNetCore", "SeleniumCShartNetCore\SeleniumCShartNetCore.csproj", "{57D162F8-4008-463B-9C4B-5609F7F59427}"
EndProject
Global
	GlobalSection(SolutionConfigurationPlatforms) = preSolution
		Debug|Any CPU = Debug|Any CPU
		Release|Any CPU = Release|Any CPU
	EndGlobalSection
	GlobalSection(ProjectConfigurationPlatforms) = postSolution
		{57D162F8-4008-463B-9C4B-5609F7F59427}.Debug|Any CPU.ActiveCfg = Debug|Any CPU
		{57D162F8-4008-463B-9C4B-5609F7F59427}.Debug|Any CPU.Build.0 = Debug|Any CPU
		{57D162F8-4008-463B-9C4B-5609F7F59427}.Release|Any CPU.ActiveCfg = Release|Any CPU
		{57D162F8-4008-463B-9C4B-5609F7F59427}.Release|Any CPU.Build.0 = Release|Any CPU
	EndGlobalSection
	GlobalSection(SolutionProperties) = preSolution
		HideSolutionNode = FALSE
	EndGlobalSection
	GlobalSection(ExtensibilityGlobals) = postSolution
		SolutionGuid = {0991CCF9-EB82-4EC6-81D4-8A26D9F08B6E}
	EndGlobalSection
EndGlobal
